<?xml version="1.0" encoding="utf-8"?>
<Project ToolsVersion="4.0" xmlns="http://schemas.microsoft.com/developer/msbuild/2003">
  <ItemGroup>
    <Filter Include="Source Files">
      <UniqueIdentifier>{4FC737F1-C7A5-4376-A066-2A32D752A2FF}</UniqueIdentifier>
      <Extensions>cpp;c;cc;cxx;c++;cppm;ixx;def;odl;idl;hpj;bat;asm;asmx</Extensions>
    </Filter>
    <Filter Include="Header Files">
      <UniqueIdentifier>{93995380-89BD-4b04-88EB-625FBE52EBFB}</UniqueIdentifier>
      <Extensions>h;hh;hpp;hxx;h++;hm;inl;inc;ipp;xsd</Extensions>
    </Filter>
    <Filter Include="Resource Files">
      <UniqueIdentifier>{67DA6AB6-F800-4c08-8B7A-83BB121AAD01}</UniqueIdentifier>
      <Extensions>rc;ico;cur;bmp;dlg;rc2;rct;bin;rgs;gif;jpg;jpeg;jpe;resx;tiff;tif;png;wav;mfcribbon-ms</Extensions>
    </Filter>
  </ItemGroup>
  <ItemGroup>
    <ClCompile Include="src\field.c">
      <Filter>Source Files</Filter>
    </ClCompile>
    <ClCompile Include="src\game.c">
      <Filter>Source Files</Filter>
    </ClCompile>
    <ClCompile Include="src\object.c">
      <Filter>Source Files</Filter>
    </ClCompile>
    <ClCompile Include="src\random.c">
      <Filter>Source Files</Filter>
    </ClCompile>
    <ClCompile Include="src\shape.c">
      <Filter>Source Files</Filter>
    </ClCompile>
    <ClCompile Include="src\objmgr.c">
      <Filter>Source Files</Filter>
    </ClCompile>
    <ClCompile Include="src\levelmgr.c">
      <Filter>Source Files</Filter>
    </ClCompile>
    <ClCompile Include="src\sprite.c">
      <Filter>Source Files</Filter>
    </ClCompile>
    <ClCompile Include="src\Robotron.c">
      <Filter>Source Files</Filter>
    </ClCompile>
    <ClCompile Include="src\Bullet.c">
      <Filter>Source Files</Filter>
    </ClCompile>
    <ClCompile Include="src\BulletManager.c">
      <Filter>Source Files</Filter>
    </ClCompile>
    <ClCompile Include="src\Grunt.c">
      <Filter>Source Files</Filter>
    </ClCompile>
    <ClCompile Include="src\EnemyManager.c">
      <Filter>Source Files</Filter>
    </ClCompile>
    <ClCompile Include="src\Hulk.c">
      <Filter>Source Files</Filter>
    </ClCompile>
    <ClCompile Include="src\Spheroid.c">
      <Filter>Source Files</Filter>
    </ClCompile>
    <ClCompile Include="src\Enforcer.c">
      <Filter>Source Files</Filter>
    </ClCompile>
    <ClCompile Include="src\ProjectileManager.c">
      <Filter>Source Files</Filter>
    </ClCompile>
    <ClCompile Include="src\SimpleObstacle.c">
      <Filter>Source Files</Filter>
    </ClCompile>
    <ClCompile Include="src\ComplexObstacle.c">
      <Filter>Source Files</Filter>
    </ClCompile>
    <ClCompile Include="src\UI.c">
      <Filter>Source Files</Filter>
    </ClCompile>
    <ClCompile Include="src\Menu.c">
      <Filter>Source Files</Filter>
    </ClCompile>
    <ClCompile Include="src\StaticObstacles.c">
      <Filter>Source Files</Filter>
    </ClCompile>
    <ClCompile Include="src\ObstacleManager.c">
      <Filter>Source Files</Filter>
    </ClCompile>
    <ClCompile Include="src\Quark.c">
      <Filter>Source Files</Filter>
    </ClCompile>
    <ClCompile Include="src\Tank.c">
      <Filter>Source Files</Filter>
    </ClCompile>
    <ClCompile Include="src\Explosion.c">
      <Filter>Source Files</Filter>
    </ClCompile>
  </ItemGroup>
  <ItemGroup>
    <ClInclude Include="include\field.h">
      <Filter>Header Files</Filter>
    </ClInclude>
    <ClInclude Include="include\object.h">
      <Filter>Header Files</Filter>
    </ClInclude>
    <ClInclude Include="include\random.h">
      <Filter>Header Files</Filter>
    </ClInclude>
    <ClInclude Include="include\shape.h">
      <Filter>Header Files</Filter>
    </ClInclude>
    <ClInclude Include="include\objmgr.h">
      <Filter>Header Files</Filter>
    </ClInclude>
    <ClInclude Include="include\levelmgr.h">
      <Filter>Header Files</Filter>
    </ClInclude>
    <ClInclude Include="include\sprite.h">
      <Filter>Header Files</Filter>
    </ClInclude>
    <ClInclude Include="include\Robotron.h">
      <Filter>Header Files</Filter>
    </ClInclude>
    <ClInclude Include="include\Bullet.h">
      <Filter>Header Files</Filter>
    </ClInclude>
    <ClInclude Include="include\BulletManager.h">
      <Filter>Header Files</Filter>
    </ClInclude>
    <ClInclude Include="include\Grunt.h">
      <Filter>Header Files</Filter>
    </ClInclude>
    <ClInclude Include="include\EnemyManager.h">
      <Filter>Header Files</Filter>
    </ClInclude>
    <ClInclude Include="include\Hulk.h">
      <Filter>Header Files</Filter>
    </ClInclude>
    <ClInclude Include="include\Spheroid.h">
      <Filter>Header Files</Filter>
    </ClInclude>
    <ClInclude Include="include\Enforcer.h">
      <Filter>Header Files</Filter>
    </ClInclude>
    <ClInclude Include="include\ProjectileManager.h">
      <Filter>Header Files</Filter>
    </ClInclude>
    <ClInclude Include="include\SimpleObstacle.h">
      <Filter>Header Files</Filter>
    </ClInclude>
    <ClInclude Include="include\ComplexObstacle.h">
      <Filter>Header Files</Filter>
    </ClInclude>
    <ClInclude Include="include\UI.h">
      <Filter>Header Files</Filter>
    </ClInclude>
    <ClInclude Include="include\Menu.h">
      <Filter>Header Files</Filter>
    </ClInclude>
    <ClInclude Include="include\StaticObstacles.h">
      <Filter>Header Files</Filter>
    </ClInclude>
    <ClInclude Include="include\ObstacleManager.h">
      <Filter>Header Files</Filter>
    </ClInclude>
    <ClInclude Include="include\Quark.h">
      <Filter>Header Files</Filter>
    </ClInclude>
    <ClInclude Include="include\Tank.h">
      <Filter>Header Files</Filter>
    </ClInclude>
    <ClInclude Include="include\Explosion.h">
      <Filter>Header Files</Filter>
    </ClInclude>
  </ItemGroup>
  <ItemGroup>
    <Xml Include="asset\connectionmap.xml" />
    <Xml Include="asset\connections.xml" />
    <Xml Include="asset\settings.xml" />
  </ItemGroup>
</Project>